
Microsoft Visual Studio Solution File, Format Version 12.00
# Visual Studio 15
VisualStudioVersion = 15.0.26430.16
MinimumVisualStudioVersion = 10.0.40219.1
Project("{FAE04EC0-301F-11D3-BF4B-00C04F79EFBC}") = "01_FormGenaral", "01_FormGenaral\01_FormGenaral.csproj", "{2DA62C08-8C5D-4C56-A760-5D08CEC3AA1B}"
EndProject
Project("{FAE04EC0-301F-11D3-BF4B-00C04F79EFBC}") = "02_Label", "02_Label\02_Label.csproj", "{C3F291B9-97A5-41AC-ABB4-22D33C7C08B0}"
EndProject
Project("{FAE04EC0-301F-11D3-BF4B-00C04F79EFBC}") = "05_TextBox", "05_TextBox\05_TextBox.csproj", "{527F5E11-92DF-4E70-943A-17B5504A73FA}"
EndProject
Global
	GlobalSection(SolutionConfigurationPlatforms) = preSolution
		Debug|Any CPU = Debug|Any CPU
		Release|Any CPU = Release|Any CPU
	EndGlobalSection
	GlobalSection(ProjectConfigurationPlatforms) = postSolution
		{2DA62C08-8C5D-4C56-A760-5D08CEC3AA1B}.Debug|Any CPU.ActiveCfg = Debug|Any CPU
		{2DA62C08-8C5D-4C56-A760-5D08CEC3AA1B}.Debug|Any CPU.Build.0 = Debug|Any CPU
		{2DA62C08-8C5D-4C56-A760-5D08CEC3AA1B}.Release|Any CPU.ActiveCfg = Release|Any CPU
		{2DA62C08-8C5D-4C56-A760-5D08CEC3AA1B}.Release|Any CPU.Build.0 = Release|Any CPU
		{C3F291B9-97A5-41AC-ABB4-22D33C7C08B0}.Debug|Any CPU.ActiveCfg = Debug|Any CPU
		{C3F291B9-97A5-41AC-ABB4-22D33C7C08B0}.Debug|Any CPU.Build.0 = Debug|Any CPU
		{C3F291B9-97A5-41AC-ABB4-22D33C7C08B0}.Release|Any CPU.ActiveCfg = Release|Any CPU
		{C3F291B9-97A5-41AC-ABB4-22D33C7C08B0}.Release|Any CPU.Build.0 = Release|Any CPU
		{527F5E11-92DF-4E70-943A-17B5504A73FA}.Debug|Any CPU.ActiveCfg = Debug|Any CPU
		{527F5E11-92DF-4E70-943A-17B5504A73FA}.Debug|Any CPU.Build.0 = Debug|Any CPU
		{527F5E11-92DF-4E70-943A-17B5504A73FA}.Release|Any CPU.ActiveCfg = Release|Any CPU
		{527F5E11-92DF-4E70-943A-17B5504A73FA}.Release|Any CPU.Build.0 = Release|Any CPU
	EndGlobalSection
	GlobalSection(SolutionProperties) = preSolution
		HideSolutionNode = FALSE
	EndGlobalSection
EndGlobal
