
Microsoft Visual Studio Solution File, Format Version 12.00
# Visual Studio 14
VisualStudioVersion = 14.0.25420.1
MinimumVisualStudioVersion = 10.0.40219.1
Project("{FAE04EC0-301F-11D3-BF4B-00C04F79EFBC}") = "01_CauTrucLenhCoBan", "01_CauTrucLenhCoBan\01_CauTrucLenhCoBan.csproj", "{D745D8E8-AACA-42FB-B7D7-F87DA35F07F7}"
EndProject
Project("{FAE04EC0-301F-11D3-BF4B-00C04F79EFBC}") = "03_NhapXuatCoBan", "03_NhapXuatCoBan\03_NhapXuatCoBan.csproj", "{C384B1E6-7F97-4838-B952-52B7DFEFFDD7}"
EndProject
Project("{FAE04EC0-301F-11D3-BF4B-00C04F79EFBC}") = "04_BienTrongCSharp", "04_BienTrongCSharp\04_BienTrongCSharp.csproj", "{EE702259-5C1E-46E1-8749-197626118FFE}"
EndProject
Project("{FAE04EC0-301F-11D3-BF4B-00C04F79EFBC}") = "02_CauTrucLenhCoBan", "02_CauTrucLenhCoBan\02_CauTrucLenhCoBan.csproj", "{274651E9-4CB4-46B1-B285-E23CFB759E70}"
EndProject
Project("{FAE04EC0-301F-11D3-BF4B-00C04F79EFBC}") = "05_KieuDulieu", "05_KieuDulieu\05_KieuDulieu.csproj", "{B241033A-86D4-48AE-A36F-03E079062FE8}"
EndProject
Project("{FAE04EC0-301F-11D3-BF4B-00C04F79EFBC}") = "06_ToanTu", "06_ToanTu\06_ToanTu.csproj", "{AC4F144B-9A34-474F-BE98-0920BED0E3A5}"
EndProject
Project("{FAE04EC0-301F-11D3-BF4B-00C04F79EFBC}") = "07_Hang", "07_Hang\07_Hang.csproj", "{632724EB-BDC2-4062-803A-700D57E57A26}"
EndProject
Project("{FAE04EC0-301F-11D3-BF4B-00C04F79EFBC}") = "08_EpKieu", "08_EpKieu\08_EpKieu.csproj", "{63C21AD8-B9F1-4000-80CF-C96121683A6E}"
EndProject
Project("{FAE04EC0-301F-11D3-BF4B-00C04F79EFBC}") = "09_IfElse", "09_IfElse\09_IfElse.csproj", "{A5B7BEBF-16BC-48F4-8125-E0564BAFB741}"
EndProject
Project("{FAE04EC0-301F-11D3-BF4B-00C04F79EFBC}") = "10_SwitchCase", "10_SwitchCase\10_SwitchCase.csproj", "{0450776C-FD5F-4ACE-B7AE-A903E4E73152}"
EndProject
Project("{FAE04EC0-301F-11D3-BF4B-00C04F79EFBC}") = "11_KieuDuLieuObjectBienVar", "11_KieuDuLieuObjectBienVar\11_KieuDuLieuObjectBienVar.csproj", "{165C2CF1-E370-4C64-99B1-38416DDB6588}"
EndProject
Project("{FAE04EC0-301F-11D3-BF4B-00C04F79EFBC}") = "12_TuKhoadynamic", "12_TuKhoadynamic\12_TuKhoadynamic.csproj", "{E4327352-2FE0-4872-B065-EF7895456778}"
EndProject
Project("{FAE04EC0-301F-11D3-BF4B-00C04F79EFBC}") = "13_CauTrucLap", "13_CauTrucLap\13_CauTrucLap.csproj", "{CA2D2077-C3EC-4A2C-84E9-10159FE0361C}"
EndProject
Project("{FAE04EC0-301F-11D3-BF4B-00C04F79EFBC}") = "14_Goto", "14_Goto\14_Goto.csproj", "{5BC8C07A-5522-4845-B63A-7610AAFE779F}"
EndProject
Global
	GlobalSection(SolutionConfigurationPlatforms) = preSolution
		Debug|Any CPU = Debug|Any CPU
		Release|Any CPU = Release|Any CPU
	EndGlobalSection
	GlobalSection(ProjectConfigurationPlatforms) = postSolution
		{D745D8E8-AACA-42FB-B7D7-F87DA35F07F7}.Debug|Any CPU.ActiveCfg = Debug|Any CPU
		{D745D8E8-AACA-42FB-B7D7-F87DA35F07F7}.Debug|Any CPU.Build.0 = Debug|Any CPU
		{D745D8E8-AACA-42FB-B7D7-F87DA35F07F7}.Release|Any CPU.ActiveCfg = Release|Any CPU
		{D745D8E8-AACA-42FB-B7D7-F87DA35F07F7}.Release|Any CPU.Build.0 = Release|Any CPU
		{C384B1E6-7F97-4838-B952-52B7DFEFFDD7}.Debug|Any CPU.ActiveCfg = Debug|Any CPU
		{C384B1E6-7F97-4838-B952-52B7DFEFFDD7}.Debug|Any CPU.Build.0 = Debug|Any CPU
		{C384B1E6-7F97-4838-B952-52B7DFEFFDD7}.Release|Any CPU.ActiveCfg = Release|Any CPU
		{C384B1E6-7F97-4838-B952-52B7DFEFFDD7}.Release|Any CPU.Build.0 = Release|Any CPU
		{EE702259-5C1E-46E1-8749-197626118FFE}.Debug|Any CPU.ActiveCfg = Debug|Any CPU
		{EE702259-5C1E-46E1-8749-197626118FFE}.Debug|Any CPU.Build.0 = Debug|Any CPU
		{EE702259-5C1E-46E1-8749-197626118FFE}.Release|Any CPU.ActiveCfg = Release|Any CPU
		{EE702259-5C1E-46E1-8749-197626118FFE}.Release|Any CPU.Build.0 = Release|Any CPU
		{274651E9-4CB4-46B1-B285-E23CFB759E70}.Debug|Any CPU.ActiveCfg = Debug|Any CPU
		{274651E9-4CB4-46B1-B285-E23CFB759E70}.Debug|Any CPU.Build.0 = Debug|Any CPU
		{274651E9-4CB4-46B1-B285-E23CFB759E70}.Release|Any CPU.ActiveCfg = Release|Any CPU
		{274651E9-4CB4-46B1-B285-E23CFB759E70}.Release|Any CPU.Build.0 = Release|Any CPU
		{B241033A-86D4-48AE-A36F-03E079062FE8}.Debug|Any CPU.ActiveCfg = Debug|Any CPU
		{B241033A-86D4-48AE-A36F-03E079062FE8}.Debug|Any CPU.Build.0 = Debug|Any CPU
		{B241033A-86D4-48AE-A36F-03E079062FE8}.Release|Any CPU.ActiveCfg = Release|Any CPU
		{B241033A-86D4-48AE-A36F-03E079062FE8}.Release|Any CPU.Build.0 = Release|Any CPU
		{AC4F144B-9A34-474F-BE98-0920BED0E3A5}.Debug|Any CPU.ActiveCfg = Debug|Any CPU
		{AC4F144B-9A34-474F-BE98-0920BED0E3A5}.Debug|Any CPU.Build.0 = Debug|Any CPU
		{AC4F144B-9A34-474F-BE98-0920BED0E3A5}.Release|Any CPU.ActiveCfg = Release|Any CPU
		{AC4F144B-9A34-474F-BE98-0920BED0E3A5}.Release|Any CPU.Build.0 = Release|Any CPU
		{632724EB-BDC2-4062-803A-700D57E57A26}.Debug|Any CPU.ActiveCfg = Debug|Any CPU
		{632724EB-BDC2-4062-803A-700D57E57A26}.Debug|Any CPU.Build.0 = Debug|Any CPU
		{632724EB-BDC2-4062-803A-700D57E57A26}.Release|Any CPU.ActiveCfg = Release|Any CPU
		{632724EB-BDC2-4062-803A-700D57E57A26}.Release|Any CPU.Build.0 = Release|Any CPU
		{63C21AD8-B9F1-4000-80CF-C96121683A6E}.Debug|Any CPU.ActiveCfg = Debug|Any CPU
		{63C21AD8-B9F1-4000-80CF-C96121683A6E}.Debug|Any CPU.Build.0 = Debug|Any CPU
		{63C21AD8-B9F1-4000-80CF-C96121683A6E}.Release|Any CPU.ActiveCfg = Release|Any CPU
		{63C21AD8-B9F1-4000-80CF-C96121683A6E}.Release|Any CPU.Build.0 = Release|Any CPU
		{A5B7BEBF-16BC-48F4-8125-E0564BAFB741}.Debug|Any CPU.ActiveCfg = Debug|Any CPU
		{A5B7BEBF-16BC-48F4-8125-E0564BAFB741}.Debug|Any CPU.Build.0 = Debug|Any CPU
		{A5B7BEBF-16BC-48F4-8125-E0564BAFB741}.Release|Any CPU.ActiveCfg = Release|Any CPU
		{A5B7BEBF-16BC-48F4-8125-E0564BAFB741}.Release|Any CPU.Build.0 = Release|Any CPU
		{0450776C-FD5F-4ACE-B7AE-A903E4E73152}.Debug|Any CPU.ActiveCfg = Debug|Any CPU
		{0450776C-FD5F-4ACE-B7AE-A903E4E73152}.Debug|Any CPU.Build.0 = Debug|Any CPU
		{0450776C-FD5F-4ACE-B7AE-A903E4E73152}.Release|Any CPU.ActiveCfg = Release|Any CPU
		{0450776C-FD5F-4ACE-B7AE-A903E4E73152}.Release|Any CPU.Build.0 = Release|Any CPU
		{165C2CF1-E370-4C64-99B1-38416DDB6588}.Debug|Any CPU.ActiveCfg = Debug|Any CPU
		{165C2CF1-E370-4C64-99B1-38416DDB6588}.Debug|Any CPU.Build.0 = Debug|Any CPU
		{165C2CF1-E370-4C64-99B1-38416DDB6588}.Release|Any CPU.ActiveCfg = Release|Any CPU
		{165C2CF1-E370-4C64-99B1-38416DDB6588}.Release|Any CPU.Build.0 = Release|Any CPU
		{E4327352-2FE0-4872-B065-EF7895456778}.Debug|Any CPU.ActiveCfg = Debug|Any CPU
		{E4327352-2FE0-4872-B065-EF7895456778}.Debug|Any CPU.Build.0 = Debug|Any CPU
		{E4327352-2FE0-4872-B065-EF7895456778}.Release|Any CPU.ActiveCfg = Release|Any CPU
		{E4327352-2FE0-4872-B065-EF7895456778}.Release|Any CPU.Build.0 = Release|Any CPU
		{CA2D2077-C3EC-4A2C-84E9-10159FE0361C}.Debug|Any CPU.ActiveCfg = Debug|Any CPU
		{CA2D2077-C3EC-4A2C-84E9-10159FE0361C}.Debug|Any CPU.Build.0 = Debug|Any CPU
		{CA2D2077-C3EC-4A2C-84E9-10159FE0361C}.Release|Any CPU.ActiveCfg = Release|Any CPU
		{CA2D2077-C3EC-4A2C-84E9-10159FE0361C}.Release|Any CPU.Build.0 = Release|Any CPU
		{5BC8C07A-5522-4845-B63A-7610AAFE779F}.Debug|Any CPU.ActiveCfg = Debug|Any CPU
		{5BC8C07A-5522-4845-B63A-7610AAFE779F}.Debug|Any CPU.Build.0 = Debug|Any CPU
		{5BC8C07A-5522-4845-B63A-7610AAFE779F}.Release|Any CPU.ActiveCfg = Release|Any CPU
		{5BC8C07A-5522-4845-B63A-7610AAFE779F}.Release|Any CPU.Build.0 = Release|Any CPU
	EndGlobalSection
	GlobalSection(SolutionProperties) = preSolution
		HideSolutionNode = FALSE
	EndGlobalSection
EndGlobal
